<?xml version="1.0" encoding="utf-8"?>
<Project ToolsVersion="4.0" xmlns="http://schemas.microsoft.com/developer/msbuild/2003">
  <ItemGroup>
    <Filter Include="소스 파일">
      <UniqueIdentifier>{4FC737F1-C7A5-4376-A066-2A32D752A2FF}</UniqueIdentifier>
      <Extensions>cpp;c;cc;cxx;def;odl;idl;hpj;bat;asm;asmx</Extensions>
    </Filter>
    <Filter Include="헤더 파일">
      <UniqueIdentifier>{93995380-89BD-4b04-88EB-625FBE52EBFB}</UniqueIdentifier>
      <Extensions>h;hh;hpp;hxx;hm;inl;inc;xsd</Extensions>
    </Filter>
  </ItemGroup>
  <ItemGroup>
    <ClCompile Include="..\dram_ssd.c">
      <Filter>소스 파일</Filter>
    </ClCompile>
    <ClCompile Include="..\ftl_common.c">
      <Filter>소스 파일</Filter>
    </ClCompile>
    <ClCompile Include="..\insight.c">
      <Filter>소스 파일</Filter>
    </ClCompile>
    <ClCompile Include="..\memory.c">
      <Filter>소스 파일</Filter>
    </ClCompile>
    <ClCompile Include="..\mu.c">
      <Filter>소스 파일</Filter>
    </ClCompile>
    <ClCompile Include="..\sanity.c">
      <Filter>소스 파일</Filter>
    </ClCompile>
    <ClCompile Include="..\sim_fil.c">
      <Filter>소스 파일</Filter>
    </ClCompile>
    <ClCompile Include="..\sim_hil.c">
      <Filter>소스 파일</Filter>
    </ClCompile>
    <ClCompile Include="..\sim_host.c">
      <Filter>소스 파일</Filter>
    </ClCompile>
    <ClCompile Include="..\sim_main.c">
      <Filter>소스 파일</Filter>
    </ClCompile>
    <ClCompile Include="..\sim_nand.c">
      <Filter>소스 파일</Filter>
    </ClCompile>
    <ClCompile Include="..\simple_ftl.c">
      <Filter>소스 파일</Filter>
    </ClCompile>
    <ClCompile Include="..\verbose.c">
      <Filter>소스 파일</Filter>
    </ClCompile>
  </ItemGroup>
  <ItemGroup>
    <ClInclude Include="..\common.h">
      <Filter>헤더 파일</Filter>
    </ClInclude>
    <ClInclude Include="..\debug.h">
      <Filter>헤더 파일</Filter>
    </ClInclude>
    <ClInclude Include="..\droll.h">
      <Filter>헤더 파일</Filter>
    </ClInclude>
    <ClInclude Include="..\feature.h">
      <Filter>헤더 파일</Filter>
    </ClInclude>
    <ClInclude Include="..\fil.h">
      <Filter>헤더 파일</Filter>
    </ClInclude>
    <ClInclude Include="..\ftl.h">
      <Filter>헤더 파일</Filter>
    </ClInclude>
    <ClInclude Include="..\insight.h">
      <Filter>헤더 파일</Filter>
    </ClInclude>
    <ClInclude Include="..\memory.h">
      <Filter>헤더 파일</Filter>
    </ClInclude>
    <ClInclude Include="..\mu.h">
      <Filter>헤더 파일</Filter>
    </ClInclude>
    <ClInclude Include="..\mutex.h">
      <Filter>헤더 파일</Filter>
    </ClInclude>
    <ClInclude Include="..\nand.h">
      <Filter>헤더 파일</Filter>
    </ClInclude>
    <ClInclude Include="..\sata.h">
      <Filter>헤더 파일</Filter>
    </ClInclude>
    <ClInclude Include="..\script.h">
      <Filter>헤더 파일</Filter>
    </ClInclude>
    <ClInclude Include="..\sim_nand.h">
      <Filter>헤더 파일</Filter>
    </ClInclude>
    <ClInclude Include="..\simbase.h">
      <Filter>헤더 파일</Filter>
    </ClInclude>
    <ClInclude Include="..\verbose.h">
      <Filter>헤더 파일</Filter>
    </ClInclude>
  </ItemGroup>
</Project>